
Microsoft Visual Studio Solution File, Format Version 12.00
Project("{FAE04EC0-301F-11D3-BF4B-00C04F79EFBC}") = "Trips", "Trips\Trips.csproj", "{D56E3E95-BF5E-4CE7-8A0F-053C0FCB75A4}"
EndProject
Global
	GlobalSection(SolutionConfigurationPlatforms) = preSolution
		Debug|Any CPU = Debug|Any CPU
		Release|Any CPU = Release|Any CPU
	EndGlobalSection
	GlobalSection(ProjectConfigurationPlatforms) = postSolution
		{D56E3E95-BF5E-4CE7-8A0F-053C0FCB75A4}.Debug|Any CPU.ActiveCfg = Debug|Any CPU
		{D56E3E95-BF5E-4CE7-8A0F-053C0FCB75A4}.Debug|Any CPU.Build.0 = Debug|Any CPU
		{D56E3E95-BF5E-4CE7-8A0F-053C0FCB75A4}.Release|Any CPU.ActiveCfg = Release|Any CPU
		{D56E3E95-BF5E-4CE7-8A0F-053C0FCB75A4}.Release|Any CPU.Build.0 = Release|Any CPU
	EndGlobalSection
EndGlobal
